
Microsoft Visual Studio Solution File, Format Version 12.00
# Visual Studio Version 17
VisualStudioVersion = 17.2.32616.157
MinimumVisualStudioVersion = 10.0.40219.1
Project("{FAE04EC0-301F-11D3-BF4B-00C04F79EFBC}") = "AlarmaApi", "AlarmaApi.csproj", "{4495E369-9666-4ABA-8871-606EF1EA91E8}"
EndProject
Global
	GlobalSection(SolutionConfigurationPlatforms) = preSolution
		Debug|Any CPU = Debug|Any CPU
		Release|Any CPU = Release|Any CPU
	EndGlobalSection
	GlobalSection(ProjectConfigurationPlatforms) = postSolution
		{4495E369-9666-4ABA-8871-606EF1EA91E8}.Debug|Any CPU.ActiveCfg = Debug|Any CPU
		{4495E369-9666-4ABA-8871-606EF1EA91E8}.Debug|Any CPU.Build.0 = Debug|Any CPU
		{4495E369-9666-4ABA-8871-606EF1EA91E8}.Release|Any CPU.ActiveCfg = Release|Any CPU
		{4495E369-9666-4ABA-8871-606EF1EA91E8}.Release|Any CPU.Build.0 = Release|Any CPU
	EndGlobalSection
	GlobalSection(SolutionProperties) = preSolution
		HideSolutionNode = FALSE
	EndGlobalSection
	GlobalSection(ExtensibilityGlobals) = postSolution
		SolutionGuid = {59E893AD-40CC-4C8C-95B1-1EBE6218A785}
	EndGlobalSection
EndGlobal
